
Microsoft Visual Studio Solution File, Format Version 12.00
# Visual Studio Version 17
VisualStudioVersion = 17.2.32630.192
MinimumVisualStudioVersion = 10.0.40219.1
Project("{2150E333-8FDC-42A3-9474-1A3956D46DE8}") = "Services", "Services", "{F2BB51CF-5E0A-49C0-95ED-49993BEEE225}"
EndProject
Project("{2150E333-8FDC-42A3-9474-1A3956D46DE8}") = "Catalog", "Catalog", "{3E947E05-BBCD-469A-A4DF-9C92A567A32A}"
EndProject
Project("{9A19103F-16F7-4668-BE54-9A1E7A4F7556}") = "Catalog.API", "Services\Catalog\Catalog.API\Catalog.API.csproj", "{2C4F104B-652C-456F-9039-DDBDD4358246}"
EndProject
Project("{E53339B2-1760-4266-BCC7-CA923CBCF16C}") = "docker-compose", "docker-compose.dcproj", "{29434867-032F-4EB2-88E1-FAD60C4AB8E8}"
EndProject
Global
	GlobalSection(SolutionConfigurationPlatforms) = preSolution
		Debug|Any CPU = Debug|Any CPU
		Release|Any CPU = Release|Any CPU
	EndGlobalSection
	GlobalSection(ProjectConfigurationPlatforms) = postSolution
		{2C4F104B-652C-456F-9039-DDBDD4358246}.Debug|Any CPU.ActiveCfg = Debug|Any CPU
		{2C4F104B-652C-456F-9039-DDBDD4358246}.Debug|Any CPU.Build.0 = Debug|Any CPU
		{2C4F104B-652C-456F-9039-DDBDD4358246}.Release|Any CPU.ActiveCfg = Release|Any CPU
		{2C4F104B-652C-456F-9039-DDBDD4358246}.Release|Any CPU.Build.0 = Release|Any CPU
		{29434867-032F-4EB2-88E1-FAD60C4AB8E8}.Debug|Any CPU.ActiveCfg = Debug|Any CPU
		{29434867-032F-4EB2-88E1-FAD60C4AB8E8}.Debug|Any CPU.Build.0 = Debug|Any CPU
		{29434867-032F-4EB2-88E1-FAD60C4AB8E8}.Release|Any CPU.ActiveCfg = Release|Any CPU
		{29434867-032F-4EB2-88E1-FAD60C4AB8E8}.Release|Any CPU.Build.0 = Release|Any CPU
	EndGlobalSection
	GlobalSection(SolutionProperties) = preSolution
		HideSolutionNode = FALSE
	EndGlobalSection
	GlobalSection(NestedProjects) = preSolution
		{3E947E05-BBCD-469A-A4DF-9C92A567A32A} = {F2BB51CF-5E0A-49C0-95ED-49993BEEE225}
		{2C4F104B-652C-456F-9039-DDBDD4358246} = {3E947E05-BBCD-469A-A4DF-9C92A567A32A}
	EndGlobalSection
	GlobalSection(ExtensibilityGlobals) = postSolution
		SolutionGuid = {39A549E3-9A48-4789-AD2A-6EBFB7A50DB2}
	EndGlobalSection
EndGlobal
