
Microsoft Visual Studio Solution File, Format Version 12.00
# Visual Studio Version 17
VisualStudioVersion = 17.2.32630.192
MinimumVisualStudioVersion = 10.0.40219.1
Project("{2150E333-8FDC-42A3-9474-1A3956D46DE8}") = "Services", "Services", "{F2BB51CF-5E0A-49C0-95ED-49993BEEE225}"
EndProject
Project("{2150E333-8FDC-42A3-9474-1A3956D46DE8}") = "Catalog", "Catalog", "{3E947E05-BBCD-469A-A4DF-9C92A567A32A}"
EndProject
Project("{9A19103F-16F7-4668-BE54-9A1E7A4F7556}") = "Catalog.API", "Services\Catalog\Catalog.API\Catalog.API.csproj", "{2C4F104B-652C-456F-9039-DDBDD4358246}"
EndProject
Project("{E53339B2-1760-4266-BCC7-CA923CBCF16C}") = "docker-compose", "docker-compose.dcproj", "{29434867-032F-4EB2-88E1-FAD60C4AB8E8}"
EndProject
Project("{2150E333-8FDC-42A3-9474-1A3956D46DE8}") = "Basket", "Basket", "{84C9C869-598D-4776-BE7C-89677974F499}"
EndProject
Project("{9A19103F-16F7-4668-BE54-9A1E7A4F7556}") = "Basket.API", "Services\Basket\Basket.API\Basket.API.csproj", "{741D7AB9-2CCC-422E-98B4-73B8972FC712}"
EndProject
Project("{2150E333-8FDC-42A3-9474-1A3956D46DE8}") = "Discount", "Discount", "{5C743C99-F6F1-4180-8C12-ADC6A65B270F}"
EndProject
Project("{9A19103F-16F7-4668-BE54-9A1E7A4F7556}") = "Discount.API", "Services\Discount\Discount.API\Discount.API.csproj", "{75BC64E6-EF8E-40AE-97CB-107105E2416D}"
EndProject
Project("{9A19103F-16F7-4668-BE54-9A1E7A4F7556}") = "Discount.Grpc", "Services\Discount\Discount.Grpc\Discount.Grpc.csproj", "{41F1F89F-C2BE-4386-BCEA-9718EE983054}"
EndProject
Global
	GlobalSection(SolutionConfigurationPlatforms) = preSolution
		Debug|Any CPU = Debug|Any CPU
		Release|Any CPU = Release|Any CPU
	EndGlobalSection
	GlobalSection(ProjectConfigurationPlatforms) = postSolution
		{2C4F104B-652C-456F-9039-DDBDD4358246}.Debug|Any CPU.ActiveCfg = Debug|Any CPU
		{2C4F104B-652C-456F-9039-DDBDD4358246}.Debug|Any CPU.Build.0 = Debug|Any CPU
		{2C4F104B-652C-456F-9039-DDBDD4358246}.Release|Any CPU.ActiveCfg = Release|Any CPU
		{2C4F104B-652C-456F-9039-DDBDD4358246}.Release|Any CPU.Build.0 = Release|Any CPU
		{29434867-032F-4EB2-88E1-FAD60C4AB8E8}.Debug|Any CPU.ActiveCfg = Debug|Any CPU
		{29434867-032F-4EB2-88E1-FAD60C4AB8E8}.Debug|Any CPU.Build.0 = Debug|Any CPU
		{29434867-032F-4EB2-88E1-FAD60C4AB8E8}.Release|Any CPU.ActiveCfg = Release|Any CPU
		{29434867-032F-4EB2-88E1-FAD60C4AB8E8}.Release|Any CPU.Build.0 = Release|Any CPU
		{741D7AB9-2CCC-422E-98B4-73B8972FC712}.Debug|Any CPU.ActiveCfg = Debug|Any CPU
		{741D7AB9-2CCC-422E-98B4-73B8972FC712}.Debug|Any CPU.Build.0 = Debug|Any CPU
		{741D7AB9-2CCC-422E-98B4-73B8972FC712}.Release|Any CPU.ActiveCfg = Release|Any CPU
		{741D7AB9-2CCC-422E-98B4-73B8972FC712}.Release|Any CPU.Build.0 = Release|Any CPU
		{75BC64E6-EF8E-40AE-97CB-107105E2416D}.Debug|Any CPU.ActiveCfg = Debug|Any CPU
		{75BC64E6-EF8E-40AE-97CB-107105E2416D}.Debug|Any CPU.Build.0 = Debug|Any CPU
		{75BC64E6-EF8E-40AE-97CB-107105E2416D}.Release|Any CPU.ActiveCfg = Release|Any CPU
		{75BC64E6-EF8E-40AE-97CB-107105E2416D}.Release|Any CPU.Build.0 = Release|Any CPU
		{41F1F89F-C2BE-4386-BCEA-9718EE983054}.Debug|Any CPU.ActiveCfg = Debug|Any CPU
		{41F1F89F-C2BE-4386-BCEA-9718EE983054}.Debug|Any CPU.Build.0 = Debug|Any CPU
		{41F1F89F-C2BE-4386-BCEA-9718EE983054}.Release|Any CPU.ActiveCfg = Release|Any CPU
		{41F1F89F-C2BE-4386-BCEA-9718EE983054}.Release|Any CPU.Build.0 = Release|Any CPU
	EndGlobalSection
	GlobalSection(SolutionProperties) = preSolution
		HideSolutionNode = FALSE
	EndGlobalSection
	GlobalSection(NestedProjects) = preSolution
		{3E947E05-BBCD-469A-A4DF-9C92A567A32A} = {F2BB51CF-5E0A-49C0-95ED-49993BEEE225}
		{2C4F104B-652C-456F-9039-DDBDD4358246} = {3E947E05-BBCD-469A-A4DF-9C92A567A32A}
		{84C9C869-598D-4776-BE7C-89677974F499} = {F2BB51CF-5E0A-49C0-95ED-49993BEEE225}
		{741D7AB9-2CCC-422E-98B4-73B8972FC712} = {84C9C869-598D-4776-BE7C-89677974F499}
		{5C743C99-F6F1-4180-8C12-ADC6A65B270F} = {F2BB51CF-5E0A-49C0-95ED-49993BEEE225}
		{75BC64E6-EF8E-40AE-97CB-107105E2416D} = {5C743C99-F6F1-4180-8C12-ADC6A65B270F}
		{41F1F89F-C2BE-4386-BCEA-9718EE983054} = {5C743C99-F6F1-4180-8C12-ADC6A65B270F}
	EndGlobalSection
	GlobalSection(ExtensibilityGlobals) = postSolution
		SolutionGuid = {39A549E3-9A48-4789-AD2A-6EBFB7A50DB2}
	EndGlobalSection
EndGlobal
